
Microsoft Visual Studio Solution File, Format Version 12.00
# Visual Studio Version 17
VisualStudioVersion = 17.3.32922.545
MinimumVisualStudioVersion = 10.0.40219.1
Project("{8BC9CEB8-8B4A-11D0-8D11-00A0C91BC942}") = "Tiết 2", "Tiết 2\Tiết 2.vcxproj", "{49278480-B2B7-4191-B1EA-DE94B6E31D4C}"
EndProject
Global
	GlobalSection(SolutionConfigurationPlatforms) = preSolution
		Debug|x64 = Debug|x64
		Debug|x86 = Debug|x86
		Release|x64 = Release|x64
		Release|x86 = Release|x86
	EndGlobalSection
	GlobalSection(ProjectConfigurationPlatforms) = postSolution
		{49278480-B2B7-4191-B1EA-DE94B6E31D4C}.Debug|x64.ActiveCfg = Debug|x64
		{49278480-B2B7-4191-B1EA-DE94B6E31D4C}.Debug|x64.Build.0 = Debug|x64
		{49278480-B2B7-4191-B1EA-DE94B6E31D4C}.Debug|x86.ActiveCfg = Debug|Win32
		{49278480-B2B7-4191-B1EA-DE94B6E31D4C}.Debug|x86.Build.0 = Debug|Win32
		{49278480-B2B7-4191-B1EA-DE94B6E31D4C}.Release|x64.ActiveCfg = Release|x64
		{49278480-B2B7-4191-B1EA-DE94B6E31D4C}.Release|x64.Build.0 = Release|x64
		{49278480-B2B7-4191-B1EA-DE94B6E31D4C}.Release|x86.ActiveCfg = Release|Win32
		{49278480-B2B7-4191-B1EA-DE94B6E31D4C}.Release|x86.Build.0 = Release|Win32
	EndGlobalSection
	GlobalSection(SolutionProperties) = preSolution
		HideSolutionNode = FALSE
	EndGlobalSection
	GlobalSection(ExtensibilityGlobals) = postSolution
		SolutionGuid = {76090152-EF81-4B51-A0E8-6DD8C1FC4EC8}
	EndGlobalSection
EndGlobal
